
Microsoft Visual Studio Solution File, Format Version 12.00
# Visual Studio Version 17
VisualStudioVersion = 17.0.31912.275
MinimumVisualStudioVersion = 10.0.40219.1
Project("{FAE04EC0-301F-11D3-BF4B-00C04F79EFBC}") = "TabControl", "TabControl.csproj", "{8ADF5D29-8B22-48CF-9C07-049E33CCE895}"
EndProject
Global
	GlobalSection(SolutionConfigurationPlatforms) = preSolution
		Debug|Any CPU = Debug|Any CPU
		Release|Any CPU = Release|Any CPU
	EndGlobalSection
	GlobalSection(ProjectConfigurationPlatforms) = postSolution
		{8ADF5D29-8B22-48CF-9C07-049E33CCE895}.Debug|Any CPU.ActiveCfg = Debug|Any CPU
		{8ADF5D29-8B22-48CF-9C07-049E33CCE895}.Debug|Any CPU.Build.0 = Debug|Any CPU
		{8ADF5D29-8B22-48CF-9C07-049E33CCE895}.Release|Any CPU.ActiveCfg = Release|Any CPU
		{8ADF5D29-8B22-48CF-9C07-049E33CCE895}.Release|Any CPU.Build.0 = Release|Any CPU
	EndGlobalSection
	GlobalSection(SolutionProperties) = preSolution
		HideSolutionNode = FALSE
	EndGlobalSection
	GlobalSection(ExtensibilityGlobals) = postSolution
		SolutionGuid = {F7166ED2-528A-410B-A060-8A93D3EC73D1}
	EndGlobalSection
EndGlobal
